// !$*UTF8*$!
{
	archiveVersion = 1;
	classes = {
	};
	objectVersion = 48;
	objects = {

/* Begin PBXBuildFile section */
		05897573A848DB20698919EC /* Pods_V2exDemo.framework in Frameworks */ = {isa = PBXBuildFile; fileRef = 66480DDBEC3DDA2C462E3B5C /* Pods_V2exDemo.framework */; };
		1B1690931FA442BA00CF0386 /* TopicDetailsViewController.swift in Sources */ = {isa = PBXBuildFile; fileRef = 1B1690921FA442BA00CF0386 /* TopicDetailsViewController.swift */; };
		1B1690951FA4552600CF0386 /* TopicDetailsViewModel.swift in Sources */ = {isa = PBXBuildFile; fileRef = 1B1690941FA4552600CF0386 /* TopicDetailsViewModel.swift */; };
		1B1690971FA455BA00CF0386 /* TopicDetailsSection.swift in Sources */ = {isa = PBXBuildFile; fileRef = 1B1690961FA455BA00CF0386 /* TopicDetailsSection.swift */; };
		B02FB5541F99D2920022BC1B /* DrawerViewController.swift in Sources */ = {isa = PBXBuildFile; fileRef = B02FB5531F99D2920022BC1B /* DrawerViewController.swift */; };
		B02FB5561F9DCA270022BC1B /* ProfileViewController.swift in Sources */ = {isa = PBXBuildFile; fileRef = B02FB5551F9DCA270022BC1B /* ProfileViewController.swift */; };
		B02FB5581F9DD2490022BC1B /* ProfileHeaderView.swift in Sources */ = {isa = PBXBuildFile; fileRef = B02FB5571F9DD2490022BC1B /* ProfileHeaderView.swift */; };
		B02FB55B1F9DD31C0022BC1B /* UITableViewController.swift in Sources */ = {isa = PBXBuildFile; fileRef = B02FB55A1F9DD31C0022BC1B /* UITableViewController.swift */; };
		B03E05AF1FA08ECD007E9FEF /* ProfileMenuViewCell.swift in Sources */ = {isa = PBXBuildFile; fileRef = B03E05AE1FA08ECD007E9FEF /* ProfileMenuViewCell.swift */; };
		B03E05B11FA09166007E9FEF /* UIImage.swift in Sources */ = {isa = PBXBuildFile; fileRef = B03E05B01FA09166007E9FEF /* UIImage.swift */; };
		B0AB45D61F7F461D00CF7E97 /* Main.storyboard in Resources */ = {isa = PBXBuildFile; fileRef = B0AB45D41F7F461D00CF7E97 /* Main.storyboard */; };
		B0AB45D81F7F461D00CF7E97 /* Assets.xcassets in Resources */ = {isa = PBXBuildFile; fileRef = B0AB45D71F7F461D00CF7E97 /* Assets.xcassets */; };
		B0AB45DB1F7F461D00CF7E97 /* LaunchScreen.storyboard in Resources */ = {isa = PBXBuildFile; fileRef = B0AB45D91F7F461D00CF7E97 /* LaunchScreen.storyboard */; };
		B0AB45E61F7F461D00CF7E97 /* V2exDemoTests.swift in Sources */ = {isa = PBXBuildFile; fileRef = B0AB45E51F7F461D00CF7E97 /* V2exDemoTests.swift */; };
		B0AB45F11F7F461D00CF7E97 /* V2exDemoUITests.swift in Sources */ = {isa = PBXBuildFile; fileRef = B0AB45F01F7F461D00CF7E97 /* V2exDemoUITests.swift */; };
		B0AB46041F7F4A7B00CF7E97 /* AppDelegate.swift in Sources */ = {isa = PBXBuildFile; fileRef = B0AB46021F7F4A7A00CF7E97 /* AppDelegate.swift */; };
		B0AB46051F7F4A7B00CF7E97 /* ViewController.swift in Sources */ = {isa = PBXBuildFile; fileRef = B0AB46031F7F4A7A00CF7E97 /* ViewController.swift */; };
		B0AB46091F7F6A2C00CF7E97 /* API.swift in Sources */ = {isa = PBXBuildFile; fileRef = B0AB46081F7F6A2C00CF7E97 /* API.swift */; };
		B0AB460C1F7F7F8000CF7E97 /* RxMoyaAvailability.swift in Sources */ = {isa = PBXBuildFile; fileRef = B0AB460B1F7F7F8000CF7E97 /* RxMoyaAvailability.swift */; };
		B0AB460E1F7F7FCF00CF7E97 /* Observable+Response.swift in Sources */ = {isa = PBXBuildFile; fileRef = B0AB460D1F7F7FCF00CF7E97 /* Observable+Response.swift */; };
		B0AB46101F7F858C00CF7E97 /* MoyaProvider+Rx.swift in Sources */ = {isa = PBXBuildFile; fileRef = B0AB460F1F7F858C00CF7E97 /* MoyaProvider+Rx.swift */; };
		B0AB46121F7F861A00CF7E97 /* Single+Response.swift in Sources */ = {isa = PBXBuildFile; fileRef = B0AB46111F7F861A00CF7E97 /* Single+Response.swift */; };
		B0AB46141F7F924E00CF7E97 /* HomeViewModel.swift in Sources */ = {isa = PBXBuildFile; fileRef = B0AB46131F7F924E00CF7E97 /* HomeViewModel.swift */; };
		B0AB46161F7F93C500CF7E97 /* TopicListSection.swift in Sources */ = {isa = PBXBuildFile; fileRef = B0AB46151F7F93C500CF7E97 /* TopicListSection.swift */; };
		B0AB46181F7F93D000CF7E97 /* Node.swift in Sources */ = {isa = PBXBuildFile; fileRef = B0AB46171F7F93D000CF7E97 /* Node.swift */; };
		B0FB82E01F8CA82700C87B51 /* HTMLParser.swift in Sources */ = {isa = PBXBuildFile; fileRef = B0FB82DF1F8CA82400C87B51 /* HTMLParser.swift */; };
		B0FB82E21F8CA83100C87B51 /* Topic.swift in Sources */ = {isa = PBXBuildFile; fileRef = B0FB82E11F8CA83100C87B51 /* Topic.swift */; };
		B0FB82E41F945F0100C87B51 /* Account.swift in Sources */ = {isa = PBXBuildFile; fileRef = B0FB82E31F945F0100C87B51 /* Account.swift */; };
		B0FB82E61F948ADD00C87B51 /* Error.swift in Sources */ = {isa = PBXBuildFile; fileRef = B0FB82E51F948ADD00C87B51 /* Error.swift */; };
		B0FB82E81F94B8F100C87B51 /* Comment.swift in Sources */ = {isa = PBXBuildFile; fileRef = B0FB82E71F94B8F100C87B51 /* Comment.swift */; };
		B0FB82EC1F95DDE100C87B51 /* HomeViewController.swift in Sources */ = {isa = PBXBuildFile; fileRef = B0FB82EB1F95DDE100C87B51 /* HomeViewController.swift */; };
		B0FB82F41F96061100C87B51 /* Theme.swift in Sources */ = {isa = PBXBuildFile; fileRef = B0FB82F31F96061100C87B51 /* Theme.swift */; };
		B0FB82F61F96066C00C87B51 /* AppStyle.swift in Sources */ = {isa = PBXBuildFile; fileRef = B0FB82F51F96066C00C87B51 /* AppStyle.swift */; };
		B0FB82F81F96F5D000C87B51 /* ActivityIndicator.swift in Sources */ = {isa = PBXBuildFile; fileRef = B0FB82F71F96F5CF00C87B51 /* ActivityIndicator.swift */; };
		B0FB82FA1F9849DB00C87B51 /* TopicViewCell.swift in Sources */ = {isa = PBXBuildFile; fileRef = B0FB82F91F9849DB00C87B51 /* TopicViewCell.swift */; };
		B0FB82FC1F984D6D00C87B51 /* Home.storyboard in Resources */ = {isa = PBXBuildFile; fileRef = B0FB82FB1F984D6D00C87B51 /* Home.storyboard */; };
/* End PBXBuildFile section */

/* Begin PBXContainerItemProxy section */
		B0AB45E21F7F461D00CF7E97 /* PBXContainerItemProxy */ = {
			isa = PBXContainerItemProxy;
			containerPortal = B0AB45C51F7F461C00CF7E97 /* Project object */;
			proxyType = 1;
			remoteGlobalIDString = B0AB45CC1F7F461C00CF7E97;
			remoteInfo = V2exDemo;
		};
		B0AB45ED1F7F461D00CF7E97 /* PBXContainerItemProxy */ = {
			isa = PBXContainerItemProxy;
			containerPortal = B0AB45C51F7F461C00CF7E97 /* Project object */;
			proxyType = 1;
			remoteGlobalIDString = B0AB45CC1F7F461C00CF7E97;
			remoteInfo = V2exDemo;
		};
/* End PBXContainerItemProxy section */

/* Begin PBXFileReference section */
		1B1690921FA442BA00CF0386 /* TopicDetailsViewController.swift */ = {isa = PBXFileReference; lastKnownFileType = sourcecode.swift; path = TopicDetailsViewController.swift; sourceTree = "<group>"; };
		1B1690941FA4552600CF0386 /* TopicDetailsViewModel.swift */ = {isa = PBXFileReference; lastKnownFileType = sourcecode.swift; path = TopicDetailsViewModel.swift; sourceTree = "<group>"; };
		1B1690961FA455BA00CF0386 /* TopicDetailsSection.swift */ = {isa = PBXFileReference; lastKnownFileType = sourcecode.swift; path = TopicDetailsSection.swift; sourceTree = "<group>"; };
		66480DDBEC3DDA2C462E3B5C /* Pods_V2exDemo.framework */ = {isa = PBXFileReference; explicitFileType = wrapper.framework; includeInIndex = 0; path = Pods_V2exDemo.framework; sourceTree = BUILT_PRODUCTS_DIR; };
		B02FB5531F99D2920022BC1B /* DrawerViewController.swift */ = {isa = PBXFileReference; lastKnownFileType = sourcecode.swift; path = DrawerViewController.swift; sourceTree = "<group>"; };
		B02FB5551F9DCA270022BC1B /* ProfileViewController.swift */ = {isa = PBXFileReference; lastKnownFileType = sourcecode.swift; path = ProfileViewController.swift; sourceTree = "<group>"; };
		B02FB5571F9DD2490022BC1B /* ProfileHeaderView.swift */ = {isa = PBXFileReference; lastKnownFileType = sourcecode.swift; path = ProfileHeaderView.swift; sourceTree = "<group>"; };
		B02FB55A1F9DD31C0022BC1B /* UITableViewController.swift */ = {isa = PBXFileReference; lastKnownFileType = sourcecode.swift; path = UITableViewController.swift; sourceTree = "<group>"; };
		B03E05AE1FA08ECD007E9FEF /* ProfileMenuViewCell.swift */ = {isa = PBXFileReference; lastKnownFileType = sourcecode.swift; path = ProfileMenuViewCell.swift; sourceTree = "<group>"; };
		B03E05B01FA09166007E9FEF /* UIImage.swift */ = {isa = PBXFileReference; lastKnownFileType = sourcecode.swift; path = UIImage.swift; sourceTree = "<group>"; };
		B0AB45CD1F7F461C00CF7E97 /* V2exDemo.app */ = {isa = PBXFileReference; explicitFileType = wrapper.application; includeInIndex = 0; path = V2exDemo.app; sourceTree = BUILT_PRODUCTS_DIR; };
		B0AB45D51F7F461D00CF7E97 /* Base */ = {isa = PBXFileReference; lastKnownFileType = file.storyboard; name = Base; path = Base.lproj/Main.storyboard; sourceTree = "<group>"; };
		B0AB45D71F7F461D00CF7E97 /* Assets.xcassets */ = {isa = PBXFileReference; lastKnownFileType = folder.assetcatalog; path = Assets.xcassets; sourceTree = "<group>"; };
		B0AB45DA1F7F461D00CF7E97 /* Base */ = {isa = PBXFileReference; lastKnownFileType = file.storyboard; name = Base; path = Base.lproj/LaunchScreen.storyboard; sourceTree = "<group>"; };
		B0AB45DC1F7F461D00CF7E97 /* Info.plist */ = {isa = PBXFileReference; lastKnownFileType = text.plist.xml; path = Info.plist; sourceTree = "<group>"; };
		B0AB45E11F7F461D00CF7E97 /* V2exDemoTests.xctest */ = {isa = PBXFileReference; explicitFileType = wrapper.cfbundle; includeInIndex = 0; path = V2exDemoTests.xctest; sourceTree = BUILT_PRODUCTS_DIR; };
		B0AB45E51F7F461D00CF7E97 /* V2exDemoTests.swift */ = {isa = PBXFileReference; lastKnownFileType = sourcecode.swift; path = V2exDemoTests.swift; sourceTree = "<group>"; };
		B0AB45E71F7F461D00CF7E97 /* Info.plist */ = {isa = PBXFileReference; lastKnownFileType = text.plist.xml; path = Info.plist; sourceTree = "<group>"; };
		B0AB45EC1F7F461D00CF7E97 /* V2exDemoUITests.xctest */ = {isa = PBXFileReference; explicitFileType = wrapper.cfbundle; includeInIndex = 0; path = V2exDemoUITests.xctest; sourceTree = BUILT_PRODUCTS_DIR; };
		B0AB45F01F7F461D00CF7E97 /* V2exDemoUITests.swift */ = {isa = PBXFileReference; lastKnownFileType = sourcecode.swift; path = V2exDemoUITests.swift; sourceTree = "<group>"; };
		B0AB45F21F7F461D00CF7E97 /* Info.plist */ = {isa = PBXFileReference; lastKnownFileType = text.plist.xml; path = Info.plist; sourceTree = "<group>"; };
		B0AB46021F7F4A7A00CF7E97 /* AppDelegate.swift */ = {isa = PBXFileReference; fileEncoding = 4; lastKnownFileType = sourcecode.swift; path = AppDelegate.swift; sourceTree = "<group>"; };
		B0AB46031F7F4A7A00CF7E97 /* ViewController.swift */ = {isa = PBXFileReference; fileEncoding = 4; lastKnownFileType = sourcecode.swift; path = ViewController.swift; sourceTree = "<group>"; };
		B0AB46081F7F6A2C00CF7E97 /* API.swift */ = {isa = PBXFileReference; lastKnownFileType = sourcecode.swift; path = API.swift; sourceTree = "<group>"; };
		B0AB460B1F7F7F8000CF7E97 /* RxMoyaAvailability.swift */ = {isa = PBXFileReference; lastKnownFileType = sourcecode.swift; path = RxMoyaAvailability.swift; sourceTree = "<group>"; };
		B0AB460D1F7F7FCF00CF7E97 /* Observable+Response.swift */ = {isa = PBXFileReference; lastKnownFileType = sourcecode.swift; path = "Observable+Response.swift"; sourceTree = "<group>"; };
		B0AB460F1F7F858C00CF7E97 /* MoyaProvider+Rx.swift */ = {isa = PBXFileReference; lastKnownFileType = sourcecode.swift; path = "MoyaProvider+Rx.swift"; sourceTree = "<group>"; };
		B0AB46111F7F861A00CF7E97 /* Single+Response.swift */ = {isa = PBXFileReference; lastKnownFileType = sourcecode.swift; path = "Single+Response.swift"; sourceTree = "<group>"; };
		B0AB46131F7F924E00CF7E97 /* HomeViewModel.swift */ = {isa = PBXFileReference; lastKnownFileType = sourcecode.swift; path = HomeViewModel.swift; sourceTree = "<group>"; };
		B0AB46151F7F93C500CF7E97 /* TopicListSection.swift */ = {isa = PBXFileReference; lastKnownFileType = sourcecode.swift; path = TopicListSection.swift; sourceTree = "<group>"; };
		B0AB46171F7F93D000CF7E97 /* Node.swift */ = {isa = PBXFileReference; lastKnownFileType = sourcecode.swift; path = Node.swift; sourceTree = "<group>"; };
		B0FB82DF1F8CA82400C87B51 /* HTMLParser.swift */ = {isa = PBXFileReference; lastKnownFileType = sourcecode.swift; path = HTMLParser.swift; sourceTree = "<group>"; };
		B0FB82E11F8CA83100C87B51 /* Topic.swift */ = {isa = PBXFileReference; lastKnownFileType = sourcecode.swift; path = Topic.swift; sourceTree = "<group>"; };
		B0FB82E31F945F0100C87B51 /* Account.swift */ = {isa = PBXFileReference; lastKnownFileType = sourcecode.swift; path = Account.swift; sourceTree = "<group>"; };
		B0FB82E51F948ADD00C87B51 /* Error.swift */ = {isa = PBXFileReference; lastKnownFileType = sourcecode.swift; path = Error.swift; sourceTree = "<group>"; };
		B0FB82E71F94B8F100C87B51 /* Comment.swift */ = {isa = PBXFileReference; lastKnownFileType = sourcecode.swift; path = Comment.swift; sourceTree = "<group>"; };
		B0FB82EB1F95DDE100C87B51 /* HomeViewController.swift */ = {isa = PBXFileReference; lastKnownFileType = sourcecode.swift; path = HomeViewController.swift; sourceTree = "<group>"; };
		B0FB82F31F96061100C87B51 /* Theme.swift */ = {isa = PBXFileReference; lastKnownFileType = sourcecode.swift; path = Theme.swift; sourceTree = "<group>"; };
		B0FB82F51F96066C00C87B51 /* AppStyle.swift */ = {isa = PBXFileReference; lastKnownFileType = sourcecode.swift; path = AppStyle.swift; sourceTree = "<group>"; };
		B0FB82F71F96F5CF00C87B51 /* ActivityIndicator.swift */ = {isa = PBXFileReference; lastKnownFileType = sourcecode.swift; path = ActivityIndicator.swift; sourceTree = "<group>"; };
		B0FB82F91F9849DB00C87B51 /* TopicViewCell.swift */ = {isa = PBXFileReference; lastKnownFileType = sourcecode.swift; path = TopicViewCell.swift; sourceTree = "<group>"; };
		B0FB82FB1F984D6D00C87B51 /* Home.storyboard */ = {isa = PBXFileReference; lastKnownFileType = file.storyboard; path = Home.storyboard; sourceTree = "<group>"; };
		C0CEA21DFFE63DFFBCF014D7 /* Pods-V2exDemo.debug.xcconfig */ = {isa = PBXFileReference; includeInIndex = 1; lastKnownFileType = text.xcconfig; name = "Pods-V2exDemo.debug.xcconfig"; path = "Pods/Target Support Files/Pods-V2exDemo/Pods-V2exDemo.debug.xcconfig"; sourceTree = "<group>"; };
		D8491BA130FB142134CA1FD8 /* Pods-V2exDemo.release.xcconfig */ = {isa = PBXFileReference; includeInIndex = 1; lastKnownFileType = text.xcconfig; name = "Pods-V2exDemo.release.xcconfig"; path = "Pods/Target Support Files/Pods-V2exDemo/Pods-V2exDemo.release.xcconfig"; sourceTree = "<group>"; };
/* End PBXFileReference section */

/* Begin PBXFrameworksBuildPhase section */
		B0AB45CA1F7F461C00CF7E97 /* Frameworks */ = {
			isa = PBXFrameworksBuildPhase;
			buildActionMask = 2147483647;
			files = (
				05897573A848DB20698919EC /* Pods_V2exDemo.framework in Frameworks */,
			);
			runOnlyForDeploymentPostprocessing = 0;
		};
		B0AB45DE1F7F461D00CF7E97 /* Frameworks */ = {
			isa = PBXFrameworksBuildPhase;
			buildActionMask = 2147483647;
			files = (
			);
			runOnlyForDeploymentPostprocessing = 0;
		};
		B0AB45E91F7F461D00CF7E97 /* Frameworks */ = {
			isa = PBXFrameworksBuildPhase;
			buildActionMask = 2147483647;
			files = (
			);
			runOnlyForDeploymentPostprocessing = 0;
		};
/* End PBXFrameworksBuildPhase section */

/* Begin PBXGroup section */
		4D78A65E45FE7ECBF21A9D0B /* Pods */ = {
			isa = PBXGroup;
			children = (
				C0CEA21DFFE63DFFBCF014D7 /* Pods-V2exDemo.debug.xcconfig */,
				D8491BA130FB142134CA1FD8 /* Pods-V2exDemo.release.xcconfig */,
			);
			name = Pods;
			sourceTree = "<group>";
		};
		72228504411C8876301F5E5D /* Frameworks */ = {
			isa = PBXGroup;
			children = (
				66480DDBEC3DDA2C462E3B5C /* Pods_V2exDemo.framework */,
			);
			name = Frameworks;
			sourceTree = "<group>";
		};
		B02FB5591F9DD3090022BC1B /* Extension */ = {
			isa = PBXGroup;
			children = (
				B02FB55A1F9DD31C0022BC1B /* UITableViewController.swift */,
				B03E05B01FA09166007E9FEF /* UIImage.swift */,
			);
			path = Extension;
			sourceTree = "<group>";
		};
		B0AB45C41F7F461C00CF7E97 = {
			isa = PBXGroup;
			children = (
				B0AB45CF1F7F461C00CF7E97 /* V2exDemo */,
				B0AB45E41F7F461D00CF7E97 /* V2exDemoTests */,
				B0AB45EF1F7F461D00CF7E97 /* V2exDemoUITests */,
				B0AB45CE1F7F461C00CF7E97 /* Products */,
				4D78A65E45FE7ECBF21A9D0B /* Pods */,
				72228504411C8876301F5E5D /* Frameworks */,
			);
			sourceTree = "<group>";
		};
		B0AB45CE1F7F461C00CF7E97 /* Products */ = {
			isa = PBXGroup;
			children = (
				B0AB45CD1F7F461C00CF7E97 /* V2exDemo.app */,
				B0AB45E11F7F461D00CF7E97 /* V2exDemoTests.xctest */,
				B0AB45EC1F7F461D00CF7E97 /* V2exDemoUITests.xctest */,
			);
			name = Products;
			sourceTree = "<group>";
		};
		B0AB45CF1F7F461C00CF7E97 /* V2exDemo */ = {
			isa = PBXGroup;
			children = (
				B02FB5591F9DD3090022BC1B /* Extension */,
				B0AB460A1F7F7F5C00CF7E97 /* MoyaProvider */,
				B0AB46061F7F4AAB00CF7E97 /* Common */,
				B0AB46071F7F4AAB00CF7E97 /* Tools */,
				B0AB46011F7F4A7A00CF7E97 /* Controller */,
				B0AB45FE1F7F4A7900CF7E97 /* View */,
				B0AB45FF1F7F4A7A00CF7E97 /* Model */,
				B0AB46001F7F4A7A00CF7E97 /* ViewModel */,
				B0AB45D71F7F461D00CF7E97 /* Assets.xcassets */,
				B0AB45D91F7F461D00CF7E97 /* LaunchScreen.storyboard */,
				B0AB45DC1F7F461D00CF7E97 /* Info.plist */,
			);
			path = V2exDemo;
			sourceTree = "<group>";
		};
		B0AB45E41F7F461D00CF7E97 /* V2exDemoTests */ = {
			isa = PBXGroup;
			children = (
				B0AB45E51F7F461D00CF7E97 /* V2exDemoTests.swift */,
				B0AB45E71F7F461D00CF7E97 /* Info.plist */,
			);
			path = V2exDemoTests;
			sourceTree = "<group>";
		};
		B0AB45EF1F7F461D00CF7E97 /* V2exDemoUITests */ = {
			isa = PBXGroup;
			children = (
				B0AB45F01F7F461D00CF7E97 /* V2exDemoUITests.swift */,
				B0AB45F21F7F461D00CF7E97 /* Info.plist */,
			);
			path = V2exDemoUITests;
			sourceTree = "<group>";
		};
		B0AB45FE1F7F4A7900CF7E97 /* View */ = {
			isa = PBXGroup;
			children = (
				B0FB82F91F9849DB00C87B51 /* TopicViewCell.swift */,
				B02FB5571F9DD2490022BC1B /* ProfileHeaderView.swift */,
				B03E05AE1FA08ECD007E9FEF /* ProfileMenuViewCell.swift */,
			);
			path = View;
			sourceTree = "<group>";
		};
		B0AB45FF1F7F4A7A00CF7E97 /* Model */ = {
			isa = PBXGroup;
			children = (
				1B1690961FA455BA00CF0386 /* TopicDetailsSection.swift */,
				B0FB82E31F945F0100C87B51 /* Account.swift */,
				B0FB82E51F948ADD00C87B51 /* Error.swift */,
				B0AB46151F7F93C500CF7E97 /* TopicListSection.swift */,
				B0AB46171F7F93D000CF7E97 /* Node.swift */,
				B0FB82E11F8CA83100C87B51 /* Topic.swift */,
			);
			path = Model;
			sourceTree = "<group>";
		};
		B0AB46001F7F4A7A00CF7E97 /* ViewModel */ = {
			isa = PBXGroup;
			children = (
				1B1690941FA4552600CF0386 /* TopicDetailsViewModel.swift */,
				B0AB46131F7F924E00CF7E97 /* HomeViewModel.swift */,
			);
			path = ViewModel;
			sourceTree = "<group>";
		};
		B0AB46011F7F4A7A00CF7E97 /* Controller */ = {
			isa = PBXGroup;
			children = (
				B0AB46021F7F4A7A00CF7E97 /* AppDelegate.swift */,
				B0FB82EB1F95DDE100C87B51 /* HomeViewController.swift */,
				B02FB5531F99D2920022BC1B /* DrawerViewController.swift */,
				B02FB5551F9DCA270022BC1B /* ProfileViewController.swift */,
				1B1690921FA442BA00CF0386 /* TopicDetailsViewController.swift */,
				B0AB46031F7F4A7A00CF7E97 /* ViewController.swift */,
			);
			path = Controller;
			sourceTree = "<group>";
		};
		B0AB46061F7F4AAB00CF7E97 /* Common */ = {
			isa = PBXGroup;
			children = (
				B0FB82FB1F984D6D00C87B51 /* Home.storyboard */,
				B0AB45D41F7F461D00CF7E97 /* Main.storyboard */,
			);
			path = Common;
			sourceTree = "<group>";
		};
		B0AB46071F7F4AAB00CF7E97 /* Tools */ = {
			isa = PBXGroup;
			children = (
				B0AB46081F7F6A2C00CF7E97 /* API.swift */,
				B0FB82DF1F8CA82400C87B51 /* HTMLParser.swift */,
				B0FB82E71F94B8F100C87B51 /* Comment.swift */,
				B0FB82F31F96061100C87B51 /* Theme.swift */,
				B0FB82F51F96066C00C87B51 /* AppStyle.swift */,
				B0FB82F71F96F5CF00C87B51 /* ActivityIndicator.swift */,
			);
			path = Tools;
			sourceTree = "<group>";
		};
		B0AB460A1F7F7F5C00CF7E97 /* MoyaProvider */ = {
			isa = PBXGroup;
			children = (
				B0AB460B1F7F7F8000CF7E97 /* RxMoyaAvailability.swift */,
				B0AB46111F7F861A00CF7E97 /* Single+Response.swift */,
				B0AB460F1F7F858C00CF7E97 /* MoyaProvider+Rx.swift */,
				B0AB460D1F7F7FCF00CF7E97 /* Observable+Response.swift */,
			);
			name = MoyaProvider;
			sourceTree = "<group>";
		};
/* End PBXGroup section */

/* Begin PBXNativeTarget section */
		B0AB45CC1F7F461C00CF7E97 /* V2exDemo */ = {
			isa = PBXNativeTarget;
			buildConfigurationList = B0AB45F51F7F461D00CF7E97 /* Build configuration list for PBXNativeTarget "V2exDemo" */;
			buildPhases = (
				6E6D7B5DE92D60C7A0C0A455 /* [CP] Check Pods Manifest.lock */,
				B0AB45C91F7F461C00CF7E97 /* Sources */,
				B0AB45CA1F7F461C00CF7E97 /* Frameworks */,
				B0AB45CB1F7F461C00CF7E97 /* Resources */,
				74416ED85DBDC4C5F133BD29 /* [CP] Embed Pods Frameworks */,
				C399D014A4EF1CB618B2A993 /* [CP] Copy Pods Resources */,
			);
			buildRules = (
			);
			dependencies = (
			);
			name = V2exDemo;
			productName = V2exDemo;
			productReference = B0AB45CD1F7F461C00CF7E97 /* V2exDemo.app */;
			productType = "com.apple.product-type.application";
		};
		B0AB45E01F7F461D00CF7E97 /* V2exDemoTests */ = {
			isa = PBXNativeTarget;
			buildConfigurationList = B0AB45F81F7F461D00CF7E97 /* Build configuration list for PBXNativeTarget "V2exDemoTests" */;
			buildPhases = (
				B0AB45DD1F7F461D00CF7E97 /* Sources */,
				B0AB45DE1F7F461D00CF7E97 /* Frameworks */,
				B0AB45DF1F7F461D00CF7E97 /* Resources */,
			);
			buildRules = (
			);
			dependencies = (
				B0AB45E31F7F461D00CF7E97 /* PBXTargetDependency */,
			);
			name = V2exDemoTests;
			productName = V2exDemoTests;
			productReference = B0AB45E11F7F461D00CF7E97 /* V2exDemoTests.xctest */;
			productType = "com.apple.product-type.bundle.unit-test";
		};
		B0AB45EB1F7F461D00CF7E97 /* V2exDemoUITests */ = {
			isa = PBXNativeTarget;
			buildConfigurationList = B0AB45FB1F7F461D00CF7E97 /* Build configuration list for PBXNativeTarget "V2exDemoUITests" */;
			buildPhases = (
				B0AB45E81F7F461D00CF7E97 /* Sources */,
				B0AB45E91F7F461D00CF7E97 /* Frameworks */,
				B0AB45EA1F7F461D00CF7E97 /* Resources */,
			);
			buildRules = (
			);
			dependencies = (
				B0AB45EE1F7F461D00CF7E97 /* PBXTargetDependency */,
			);
			name = V2exDemoUITests;
			productName = V2exDemoUITests;
			productReference = B0AB45EC1F7F461D00CF7E97 /* V2exDemoUITests.xctest */;
			productType = "com.apple.product-type.bundle.ui-testing";
		};
/* End PBXNativeTarget section */

/* Begin PBXProject section */
		B0AB45C51F7F461C00CF7E97 /* Project object */ = {
			isa = PBXProject;
			attributes = {
				LastSwiftUpdateCheck = 0900;
				LastUpgradeCheck = 0900;
				ORGANIZATIONNAME = Zaixuan;
				TargetAttributes = {
					B0AB45CC1F7F461C00CF7E97 = {
						CreatedOnToolsVersion = 9.0;
						ProvisioningStyle = Automatic;
					};
					B0AB45E01F7F461D00CF7E97 = {
						CreatedOnToolsVersion = 9.0;
						ProvisioningStyle = Automatic;
						TestTargetID = B0AB45CC1F7F461C00CF7E97;
					};
					B0AB45EB1F7F461D00CF7E97 = {
						CreatedOnToolsVersion = 9.0;
						ProvisioningStyle = Automatic;
						TestTargetID = B0AB45CC1F7F461C00CF7E97;
					};
				};
			};
			buildConfigurationList = B0AB45C81F7F461C00CF7E97 /* Build configuration list for PBXProject "V2exDemo" */;
			compatibilityVersion = "Xcode 8.0";
			developmentRegion = en;
			hasScannedForEncodings = 0;
			knownRegions = (
				en,
				Base,
			);
			mainGroup = B0AB45C41F7F461C00CF7E97;
			productRefGroup = B0AB45CE1F7F461C00CF7E97 /* Products */;
			projectDirPath = "";
			projectRoot = "";
			targets = (
				B0AB45CC1F7F461C00CF7E97 /* V2exDemo */,
				B0AB45E01F7F461D00CF7E97 /* V2exDemoTests */,
				B0AB45EB1F7F461D00CF7E97 /* V2exDemoUITests */,
			);
		};
/* End PBXProject section */

/* Begin PBXResourcesBuildPhase section */
		B0AB45CB1F7F461C00CF7E97 /* Resources */ = {
			isa = PBXResourcesBuildPhase;
			buildActionMask = 2147483647;
			files = (
				B0AB45DB1F7F461D00CF7E97 /* LaunchScreen.storyboard in Resources */,
				B0AB45D81F7F461D00CF7E97 /* Assets.xcassets in Resources */,
				B0AB45D61F7F461D00CF7E97 /* Main.storyboard in Resources */,
				B0FB82FC1F984D6D00C87B51 /* Home.storyboard in Resources */,
			);
			runOnlyForDeploymentPostprocessing = 0;
		};
		B0AB45DF1F7F461D00CF7E97 /* Resources */ = {
			isa = PBXResourcesBuildPhase;
			buildActionMask = 2147483647;
			files = (
			);
			runOnlyForDeploymentPostprocessing = 0;
		};
		B0AB45EA1F7F461D00CF7E97 /* Resources */ = {
			isa = PBXResourcesBuildPhase;
			buildActionMask = 2147483647;
			files = (
			);
			runOnlyForDeploymentPostprocessing = 0;
		};
/* End PBXResourcesBuildPhase section */

/* Begin PBXShellScriptBuildPhase section */
		6E6D7B5DE92D60C7A0C0A455 /* [CP] Check Pods Manifest.lock */ = {
			isa = PBXShellScriptBuildPhase;
			buildActionMask = 2147483647;
			files = (
			);
			inputPaths = (
				"${PODS_PODFILE_DIR_PATH}/Podfile.lock",
				"${PODS_ROOT}/Manifest.lock",
			);
			name = "[CP] Check Pods Manifest.lock";
			outputPaths = (
				"$(DERIVED_FILE_DIR)/Pods-V2exDemo-checkManifestLockResult.txt",
			);
			runOnlyForDeploymentPostprocessing = 0;
			shellPath = /bin/sh;
			shellScript = "diff \"${PODS_PODFILE_DIR_PATH}/Podfile.lock\" \"${PODS_ROOT}/Manifest.lock\" > /dev/null\nif [ $? != 0 ] ; then\n    # print error to STDERR\n    echo \"error: The sandbox is not in sync with the Podfile.lock. Run 'pod install' or update your CocoaPods installation.\" >&2\n    exit 1\nfi\n";
			showEnvVarsInLog = 0;
		};
		74416ED85DBDC4C5F133BD29 /* [CP] Embed Pods Frameworks */ = {
			isa = PBXShellScriptBuildPhase;
			buildActionMask = 2147483647;
			files = (
			);
			inputPaths = (
				"${SRCROOT}/Pods/Target Support Files/Pods-V2exDemo/Pods-V2exDemo-frameworks.sh",
				"${BUILT_PRODUCTS_DIR}/1PasswordExtension/OnePasswordExtension.framework",
				"${BUILT_PRODUCTS_DIR}/Alamofire/Alamofire.framework",
				"${BUILT_PRODUCTS_DIR}/Differentiator/Differentiator.framework",
				"${BUILT_PRODUCTS_DIR}/Kanna/Kanna.framework",
				"${BUILT_PRODUCTS_DIR}/Kingfisher/Kingfisher.framework",
				"${BUILT_PRODUCTS_DIR}/MonkeyKing/MonkeyKing.framework",
				"${BUILT_PRODUCTS_DIR}/Moya/Moya.framework",
				"${BUILT_PRODUCTS_DIR}/PKHUD/PKHUD.framework",
				"${BUILT_PRODUCTS_DIR}/Result/Result.framework",
				"${BUILT_PRODUCTS_DIR}/RxCocoa/RxCocoa.framework",
				"${BUILT_PRODUCTS_DIR}/RxDataSources/RxDataSources.framework",
				"${BUILT_PRODUCTS_DIR}/RxSwift/RxSwift.framework",
				"${BUILT_PRODUCTS_DIR}/SKPhotoBrowser/SKPhotoBrowser.framework",
				"${BUILT_PRODUCTS_DIR}/SVProgressHUD/SVProgressHUD.framework",
			);
			name = "[CP] Embed Pods Frameworks";
			outputPaths = (
				"${TARGET_BUILD_DIR}/${FRAMEWORKS_FOLDER_PATH}/OnePasswordExtension.framework",
				"${TARGET_BUILD_DIR}/${FRAMEWORKS_FOLDER_PATH}/Alamofire.framework",
				"${TARGET_BUILD_DIR}/${FRAMEWORKS_FOLDER_PATH}/Differentiator.framework",
				"${TARGET_BUILD_DIR}/${FRAMEWORKS_FOLDER_PATH}/Kanna.framework",
				"${TARGET_BUILD_DIR}/${FRAMEWORKS_FOLDER_PATH}/Kingfisher.framework",
				"${TARGET_BUILD_DIR}/${FRAMEWORKS_FOLDER_PATH}/MonkeyKing.framework",
				"${TARGET_BUILD_DIR}/${FRAMEWORKS_FOLDER_PATH}/Moya.framework",
				"${TARGET_BUILD_DIR}/${FRAMEWORKS_FOLDER_PATH}/PKHUD.framework",
				"${TARGET_BUILD_DIR}/${FRAMEWORKS_FOLDER_PATH}/Result.framework",
				"${TARGET_BUILD_DIR}/${FRAMEWORKS_FOLDER_PATH}/RxCocoa.framework",
				"${TARGET_BUILD_DIR}/${FRAMEWORKS_FOLDER_PATH}/RxDataSources.framework",
				"${TARGET_BUILD_DIR}/${FRAMEWORKS_FOLDER_PATH}/RxSwift.framework",
				"${TARGET_BUILD_DIR}/${FRAMEWORKS_FOLDER_PATH}/SKPhotoBrowser.framework",
				"${TARGET_BUILD_DIR}/${FRAMEWORKS_FOLDER_PATH}/SVProgressHUD.framework",
			);
			runOnlyForDeploymentPostprocessing = 0;
			shellPath = /bin/sh;
			shellScript = "\"${SRCROOT}/Pods/Target Support Files/Pods-V2exDemo/Pods-V2exDemo-frameworks.sh\"\n";
			showEnvVarsInLog = 0;
		};
		C399D014A4EF1CB618B2A993 /* [CP] Copy Pods Resources */ = {
			isa = PBXShellScriptBuildPhase;
			buildActionMask = 2147483647;
			files = (
			);
			inputPaths = (
			);
			name = "[CP] Copy Pods Resources";
			outputPaths = (
			);
			runOnlyForDeploymentPostprocessing = 0;
			shellPath = /bin/sh;
			shellScript = "\"${SRCROOT}/Pods/Target Support Files/Pods-V2exDemo/Pods-V2exDemo-resources.sh\"\n";
			showEnvVarsInLog = 0;
		};
/* End PBXShellScriptBuildPhase section */

/* Begin PBXSourcesBuildPhase section */
		B0AB45C91F7F461C00CF7E97 /* Sources */ = {
			isa = PBXSourcesBuildPhase;
			buildActionMask = 2147483647;
			files = (
				B0FB82FA1F9849DB00C87B51 /* TopicViewCell.swift in Sources */,
				B0FB82E01F8CA82700C87B51 /* HTMLParser.swift in Sources */,
				1B1690931FA442BA00CF0386 /* TopicDetailsViewController.swift in Sources */,
				B0FB82E41F945F0100C87B51 /* Account.swift in Sources */,
				B02FB55B1F9DD31C0022BC1B /* UITableViewController.swift in Sources */,
				B0FB82F81F96F5D000C87B51 /* ActivityIndicator.swift in Sources */,
				B0FB82E21F8CA83100C87B51 /* Topic.swift in Sources */,
				1B1690951FA4552600CF0386 /* TopicDetailsViewModel.swift in Sources */,
				B02FB5541F99D2920022BC1B /* DrawerViewController.swift in Sources */,
				B02FB5561F9DCA270022BC1B /* ProfileViewController.swift in Sources */,
				B0AB460E1F7F7FCF00CF7E97 /* Observable+Response.swift in Sources */,
				B0AB46181F7F93D000CF7E97 /* Node.swift in Sources */,
				B0AB46051F7F4A7B00CF7E97 /* ViewController.swift in Sources */,
				B03E05B11FA09166007E9FEF /* UIImage.swift in Sources */,
				B03E05AF1FA08ECD007E9FEF /* ProfileMenuViewCell.swift in Sources */,
				B0AB46091F7F6A2C00CF7E97 /* API.swift in Sources */,
				B02FB5581F9DD2490022BC1B /* ProfileHeaderView.swift in Sources */,
				B0AB46141F7F924E00CF7E97 /* HomeViewModel.swift in Sources */,
				1B1690971FA455BA00CF0386 /* TopicDetailsSection.swift in Sources */,
				B0AB46161F7F93C500CF7E97 /* TopicListSection.swift in Sources */,
				B0AB46121F7F861A00CF7E97 /* Single+Response.swift in Sources */,
				B0FB82E81F94B8F100C87B51 /* Comment.swift in Sources */,
				B0FB82EC1F95DDE100C87B51 /* HomeViewController.swift in Sources */,
				B0AB460C1F7F7F8000CF7E97 /* RxMoyaAvailability.swift in Sources */,
				B0AB46101F7F858C00CF7E97 /* MoyaProvider+Rx.swift in Sources */,
				B0FB82E61F948ADD00C87B51 /* Error.swift in Sources */,
				B0FB82F61F96066C00C87B51 /* AppStyle.swift in Sources */,
				B0AB46041F7F4A7B00CF7E97 /* AppDelegate.swift in Sources */,
				B0FB82F41F96061100C87B51 /* Theme.swift in Sources */,
			);
			runOnlyForDeploymentPostprocessing = 0;
		};
		B0AB45DD1F7F461D00CF7E97 /* Sources */ = {
			isa = PBXSourcesBuildPhase;
			buildActionMask = 2147483647;
			files = (
				B0AB45E61F7F461D00CF7E97 /* V2exDemoTests.swift in Sources */,
			);
			runOnlyForDeploymentPostprocessing = 0;
		};
		B0AB45E81F7F461D00CF7E97 /* Sources */ = {
			isa = PBXSourcesBuildPhase;
			buildActionMask = 2147483647;
			files = (
				B0AB45F11F7F461D00CF7E97 /* V2exDemoUITests.swift in Sources */,
			);
			runOnlyForDeploymentPostprocessing = 0;
		};
/* End PBXSourcesBuildPhase section */

/* Begin PBXTargetDependency section */
		B0AB45E31F7F461D00CF7E97 /* PBXTargetDependency */ = {
			isa = PBXTargetDependency;
			target = B0AB45CC1F7F461C00CF7E97 /* V2exDemo */;
			targetProxy = B0AB45E21F7F461D00CF7E97 /* PBXContainerItemProxy */;
		};
		B0AB45EE1F7F461D00CF7E97 /* PBXTargetDependency */ = {
			isa = PBXTargetDependency;
			target = B0AB45CC1F7F461C00CF7E97 /* V2exDemo */;
			targetProxy = B0AB45ED1F7F461D00CF7E97 /* PBXContainerItemProxy */;
		};
/* End PBXTargetDependency section */

/* Begin PBXVariantGroup section */
		B0AB45D41F7F461D00CF7E97 /* Main.storyboard */ = {
			isa = PBXVariantGroup;
			children = (
				B0AB45D51F7F461D00CF7E97 /* Base */,
			);
			name = Main.storyboard;
			sourceTree = "<group>";
		};
		B0AB45D91F7F461D00CF7E97 /* LaunchScreen.storyboard */ = {
			isa = PBXVariantGroup;
			children = (
				B0AB45DA1F7F461D00CF7E97 /* Base */,
			);
			name = LaunchScreen.storyboard;
			sourceTree = "<group>";
		};
/* End PBXVariantGroup section */

/* Begin XCBuildConfiguration section */
		B0AB45F31F7F461D00CF7E97 /* Debug */ = {
			isa = XCBuildConfiguration;
			buildSettings = {
				ALWAYS_SEARCH_USER_PATHS = NO;
				CLANG_ANALYZER_NONNULL = YES;
				CLANG_ANALYZER_NUMBER_OBJECT_CONVERSION = YES_AGGRESSIVE;
				CLANG_CXX_LANGUAGE_STANDARD = "gnu++14";
				CLANG_CXX_LIBRARY = "libc++";
				CLANG_ENABLE_MODULES = YES;
				CLANG_ENABLE_OBJC_ARC = YES;
				CLANG_WARN_BLOCK_CAPTURE_AUTORELEASING = YES;
				CLANG_WARN_BOOL_CONVERSION = YES;
				CLANG_WARN_COMMA = YES;
				CLANG_WARN_CONSTANT_CONVERSION = YES;
				CLANG_WARN_DIRECT_OBJC_ISA_USAGE = YES_ERROR;
				CLANG_WARN_DOCUMENTATION_COMMENTS = YES;
				CLANG_WARN_EMPTY_BODY = YES;
				CLANG_WARN_ENUM_CONVERSION = YES;
				CLANG_WARN_INFINITE_RECURSION = YES;
				CLANG_WARN_INT_CONVERSION = YES;
				CLANG_WARN_NON_LITERAL_NULL_CONVERSION = YES;
				CLANG_WARN_OBJC_LITERAL_CONVERSION = YES;
				CLANG_WARN_OBJC_ROOT_CLASS = YES_ERROR;
				CLANG_WARN_RANGE_LOOP_ANALYSIS = YES;
				CLANG_WARN_STRICT_PROTOTYPES = YES;
				CLANG_WARN_SUSPICIOUS_MOVE = YES;
				CLANG_WARN_UNGUARDED_AVAILABILITY = YES_AGGRESSIVE;
				CLANG_WARN_UNREACHABLE_CODE = YES;
				CLANG_WARN__DUPLICATE_METHOD_MATCH = YES;
				CODE_SIGN_IDENTITY = "iPhone Developer";
				COPY_PHASE_STRIP = NO;
				DEBUG_INFORMATION_FORMAT = dwarf;
				ENABLE_STRICT_OBJC_MSGSEND = YES;
				ENABLE_TESTABILITY = YES;
				GCC_C_LANGUAGE_STANDARD = gnu11;
				GCC_DYNAMIC_NO_PIC = NO;
				GCC_NO_COMMON_BLOCKS = YES;
				GCC_OPTIMIZATION_LEVEL = 0;
				GCC_PREPROCESSOR_DEFINITIONS = (
					"DEBUG=1",
					"$(inherited)",
				);
				GCC_WARN_64_TO_32_BIT_CONVERSION = YES;
				GCC_WARN_ABOUT_RETURN_TYPE = YES_ERROR;
				GCC_WARN_UNDECLARED_SELECTOR = YES;
				GCC_WARN_UNINITIALIZED_AUTOS = YES_AGGRESSIVE;
				GCC_WARN_UNUSED_FUNCTION = YES;
				GCC_WARN_UNUSED_VARIABLE = YES;
				IPHONEOS_DEPLOYMENT_TARGET = 11.0;
				MTL_ENABLE_DEBUG_INFO = YES;
				ONLY_ACTIVE_ARCH = YES;
				SDKROOT = iphoneos;
				SWIFT_ACTIVE_COMPILATION_CONDITIONS = DEBUG;
				SWIFT_OPTIMIZATION_LEVEL = "-Onone";
			};
			name = Debug;
		};
		B0AB45F41F7F461D00CF7E97 /* Release */ = {
			isa = XCBuildConfiguration;
			buildSettings = {
				ALWAYS_SEARCH_USER_PATHS = NO;
				CLANG_ANALYZER_NONNULL = YES;
				CLANG_ANALYZER_NUMBER_OBJECT_CONVERSION = YES_AGGRESSIVE;
				CLANG_CXX_LANGUAGE_STANDARD = "gnu++14";
				CLANG_CXX_LIBRARY = "libc++";
				CLANG_ENABLE_MODULES = YES;
				CLANG_ENABLE_OBJC_ARC = YES;
				CLANG_WARN_BLOCK_CAPTURE_AUTORELEASING = YES;
				CLANG_WARN_BOOL_CONVERSION = YES;
				CLANG_WARN_COMMA = YES;
				CLANG_WARN_CONSTANT_CONVERSION = YES;
				CLANG_WARN_DIRECT_OBJC_ISA_USAGE = YES_ERROR;
				CLANG_WARN_DOCUMENTATION_COMMENTS = YES;
				CLANG_WARN_EMPTY_BODY = YES;
				CLANG_WARN_ENUM_CONVERSION = YES;
				CLANG_WARN_INFINITE_RECURSION = YES;
				CLANG_WARN_INT_CONVERSION = YES;
				CLANG_WARN_NON_LITERAL_NULL_CONVERSION = YES;
				CLANG_WARN_OBJC_LITERAL_CONVERSION = YES;
				CLANG_WARN_OBJC_ROOT_CLASS = YES_ERROR;
				CLANG_WARN_RANGE_LOOP_ANALYSIS = YES;
				CLANG_WARN_STRICT_PROTOTYPES = YES;
				CLANG_WARN_SUSPICIOUS_MOVE = YES;
				CLANG_WARN_UNGUARDED_AVAILABILITY = YES_AGGRESSIVE;
				CLANG_WARN_UNREACHABLE_CODE = YES;
				CLANG_WARN__DUPLICATE_METHOD_MATCH = YES;
				CODE_SIGN_IDENTITY = "iPhone Developer";
				COPY_PHASE_STRIP = NO;
				DEBUG_INFORMATION_FORMAT = "dwarf-with-dsym";
				ENABLE_NS_ASSERTIONS = NO;
				ENABLE_STRICT_OBJC_MSGSEND = YES;
				GCC_C_LANGUAGE_STANDARD = gnu11;
				GCC_NO_COMMON_BLOCKS = YES;
				GCC_WARN_64_TO_32_BIT_CONVERSION = YES;
				GCC_WARN_ABOUT_RETURN_TYPE = YES_ERROR;
				GCC_WARN_UNDECLARED_SELECTOR = YES;
				GCC_WARN_UNINITIALIZED_AUTOS = YES_AGGRESSIVE;
				GCC_WARN_UNUSED_FUNCTION = YES;
				GCC_WARN_UNUSED_VARIABLE = YES;
				IPHONEOS_DEPLOYMENT_TARGET = 11.0;
				MTL_ENABLE_DEBUG_INFO = NO;
				SDKROOT = iphoneos;
				SWIFT_OPTIMIZATION_LEVEL = "-Owholemodule";
				VALIDATE_PRODUCT = YES;
			};
			name = Release;
		};
		B0AB45F61F7F461D00CF7E97 /* Debug */ = {
			isa = XCBuildConfiguration;
			baseConfigurationReference = C0CEA21DFFE63DFFBCF014D7 /* Pods-V2exDemo.debug.xcconfig */;
			buildSettings = {
				ASSETCATALOG_COMPILER_APPICON_NAME = AppIcon;
				CODE_SIGN_STYLE = Automatic;
				DEVELOPMENT_TEAM = 7WQ3XE756X;
				INFOPLIST_FILE = V2exDemo/Info.plist;
				IPHONEOS_DEPLOYMENT_TARGET = 9.0;
				LD_RUNPATH_SEARCH_PATHS = "$(inherited) @executable_path/Frameworks";
				PRODUCT_BUNDLE_IDENTIFIER = com.zaixuan.test;
				PRODUCT_NAME = "$(TARGET_NAME)";
				SWIFT_VERSION = 4.0;
				TARGETED_DEVICE_FAMILY = 1;
			};
			name = Debug;
		};
		B0AB45F71F7F461D00CF7E97 /* Release */ = {
			isa = XCBuildConfiguration;
			baseConfigurationReference = D8491BA130FB142134CA1FD8 /* Pods-V2exDemo.release.xcconfig */;
			buildSettings = {
				ASSETCATALOG_COMPILER_APPICON_NAME = AppIcon;
				CODE_SIGN_STYLE = Automatic;
				DEVELOPMENT_TEAM = 7WQ3XE756X;
				INFOPLIST_FILE = V2exDemo/Info.plist;
				IPHONEOS_DEPLOYMENT_TARGET = 9.0;
				LD_RUNPATH_SEARCH_PATHS = "$(inherited) @executable_path/Frameworks";
				PRODUCT_BUNDLE_IDENTIFIER = com.zaixuan.test;
				PRODUCT_NAME = "$(TARGET_NAME)";
				SWIFT_VERSION = 4.0;
				TARGETED_DEVICE_FAMILY = 1;
			};
			name = Release;
		};
		B0AB45F91F7F461D00CF7E97 /* Debug */ = {
			isa = XCBuildConfiguration;
			buildSettings = {
				ALWAYS_EMBED_SWIFT_STANDARD_LIBRARIES = YES;
				BUNDLE_LOADER = "$(TEST_HOST)";
				CODE_SIGN_STYLE = Automatic;
				DEVELOPMENT_TEAM = 7WQ3XE756X;
				INFOPLIST_FILE = V2exDemoTests/Info.plist;
				LD_RUNPATH_SEARCH_PATHS = "$(inherited) @executable_path/Frameworks @loader_path/Frameworks";
				PRODUCT_BUNDLE_IDENTIFIER = com.zaixuan.V2exDemoTests;
				PRODUCT_NAME = "$(TARGET_NAME)";
				SWIFT_VERSION = 4.0;
				TARGETED_DEVICE_FAMILY = "1,2";
				TEST_HOST = "$(BUILT_PRODUCTS_DIR)/V2exDemo.app/V2exDemo";
			};
			name = Debug;
		};
		B0AB45FA1F7F461D00CF7E97 /* Release */ = {
			isa = XCBuildConfiguration;
			buildSettings = {
				ALWAYS_EMBED_SWIFT_STANDARD_LIBRARIES = YES;
				BUNDLE_LOADER = "$(TEST_HOST)";
				CODE_SIGN_STYLE = Automatic;
				DEVELOPMENT_TEAM = 7WQ3XE756X;
				INFOPLIST_FILE = V2exDemoTests/Info.plist;
				LD_RUNPATH_SEARCH_PATHS = "$(inherited) @executable_path/Frameworks @loader_path/Frameworks";
				PRODUCT_BUNDLE_IDENTIFIER = com.zaixuan.V2exDemoTests;
				PRODUCT_NAME = "$(TARGET_NAME)";
				SWIFT_VERSION = 4.0;
				TARGETED_DEVICE_FAMILY = "1,2";
				TEST_HOST = "$(BUILT_PRODUCTS_DIR)/V2exDemo.app/V2exDemo";
			};
			name = Release;
		};
		B0AB45FC1F7F461D00CF7E97 /* Debug */ = {
			isa = XCBuildConfiguration;
			buildSettings = {
				ALWAYS_EMBED_SWIFT_STANDARD_LIBRARIES = YES;
				CODE_SIGN_STYLE = Automatic;
				DEVELOPMENT_TEAM = 7WQ3XE756X;
				INFOPLIST_FILE = V2exDemoUITests/Info.plist;
				LD_RUNPATH_SEARCH_PATHS = "$(inherited) @executable_path/Frameworks @loader_path/Frameworks";
				PRODUCT_BUNDLE_IDENTIFIER = com.zaixuan.V2exDemoUITests;
				PRODUCT_NAME = "$(TARGET_NAME)";
				SWIFT_VERSION = 4.0;
				TARGETED_DEVICE_FAMILY = "1,2";
				TEST_TARGET_NAME = V2exDemo;
			};
			name = Debug;
		};
		B0AB45FD1F7F461D00CF7E97 /* Release */ = {
			isa = XCBuildConfiguration;
			buildSettings = {
				ALWAYS_EMBED_SWIFT_STANDARD_LIBRARIES = YES;
				CODE_SIGN_STYLE = Automatic;
				DEVELOPMENT_TEAM = 7WQ3XE756X;
				INFOPLIST_FILE = V2exDemoUITests/Info.plist;
				LD_RUNPATH_SEARCH_PATHS = "$(inherited) @executable_path/Frameworks @loader_path/Frameworks";
				PRODUCT_BUNDLE_IDENTIFIER = com.zaixuan.V2exDemoUITests;
				PRODUCT_NAME = "$(TARGET_NAME)";
				SWIFT_VERSION = 4.0;
				TARGETED_DEVICE_FAMILY = "1,2";
				TEST_TARGET_NAME = V2exDemo;
			};
			name = Release;
		};
/* End XCBuildConfiguration section */

/* Begin XCConfigurationList section */
		B0AB45C81F7F461C00CF7E97 /* Build configuration list for PBXProject "V2exDemo" */ = {
			isa = XCConfigurationList;
			buildConfigurations = (
				B0AB45F31F7F461D00CF7E97 /* Debug */,
				B0AB45F41F7F461D00CF7E97 /* Release */,
			);
			defaultConfigurationIsVisible = 0;
			defaultConfigurationName = Release;
		};
		B0AB45F51F7F461D00CF7E97 /* Build configuration list for PBXNativeTarget "V2exDemo" */ = {
			isa = XCConfigurationList;
			buildConfigurations = (
				B0AB45F61F7F461D00CF7E97 /* Debug */,
				B0AB45F71F7F461D00CF7E97 /* Release */,
			);
			defaultConfigurationIsVisible = 0;
			defaultConfigurationName = Release;
		};
		B0AB45F81F7F461D00CF7E97 /* Build configuration list for PBXNativeTarget "V2exDemoTests" */ = {
			isa = XCConfigurationList;
			buildConfigurations = (
				B0AB45F91F7F461D00CF7E97 /* Debug */,
				B0AB45FA1F7F461D00CF7E97 /* Release */,
			);
			defaultConfigurationIsVisible = 0;
			defaultConfigurationName = Release;
		};
		B0AB45FB1F7F461D00CF7E97 /* Build configuration list for PBXNativeTarget "V2exDemoUITests" */ = {
			isa = XCConfigurationList;
			buildConfigurations = (
				B0AB45FC1F7F461D00CF7E97 /* Debug */,
				B0AB45FD1F7F461D00CF7E97 /* Release */,
			);
			defaultConfigurationIsVisible = 0;
			defaultConfigurationName = Release;
		};
/* End XCConfigurationList section */
	};
	rootObject = B0AB45C51F7F461C00CF7E97 /* Project object */;
}
